
Microsoft Visual Studio Solution File, Format Version 12.00
# Visual Studio Version 17
VisualStudioVersion = 17.9.34728.123
MinimumVisualStudioVersion = 10.0.40219.1
Project("{2150E333-8FDC-42A3-9474-1A3956D46DE8}") = "Services", "Services", "{98E17696-E699-4CCF-961A-0A1A4D0FE014}"
EndProject
Project("{2150E333-8FDC-42A3-9474-1A3956D46DE8}") = "Catalog", "Catalog", "{EBF5EDC0-84EF-4EA2-A351-EAF721844873}"
EndProject
Project("{9A19103F-16F7-4668-BE54-9A1E7A4F7556}") = "Catalog.API", "Services\Catalog\Catalog.API\Catalog.API.csproj", "{EE0F9E87-5659-4230-AB92-1142D733DF58}"
EndProject
Project("{2150E333-8FDC-42A3-9474-1A3956D46DE8}") = "Solution Items", "Solution Items", "{84B03F99-4DCB-4F75-8361-2E442ADDD5BB}"
	ProjectSection(SolutionItems) = preProject
		BlockNote.txt = BlockNote.txt
	EndProjectSection
EndProject
Project("{2150E333-8FDC-42A3-9474-1A3956D46DE8}") = "BuildingBlock", "BuildingBlock", "{174476D6-EB83-485A-8646-110E18B84124}"
EndProject
Project("{9A19103F-16F7-4668-BE54-9A1E7A4F7556}") = "BuildingBlocks", "BuildingBlocks\BuildingBlocks\BuildingBlocks.csproj", "{4F6802C5-0FDC-4467-A96F-82B2A60B9E02}"
EndProject
Project("{E53339B2-1760-4266-BCC7-CA923CBCF16C}") = "docker-compose", "docker-compose.dcproj", "{51114B94-A171-4B0C-970F-075693413E3A}"
EndProject
Project("{2150E333-8FDC-42A3-9474-1A3956D46DE8}") = "Basket", "Basket", "{DCCABFB0-EB0A-4F1C-AAEA-ACBDBF0474AB}"
EndProject
Project("{FAE04EC0-301F-11D3-BF4B-00C04F79EFBC}") = "Basket.API", "Services\Basket\Basket.API\Basket.API.csproj", "{385D069D-4239-4B3B-9EC1-FE6EEB2C3744}"
EndProject
Project("{2150E333-8FDC-42A3-9474-1A3956D46DE8}") = "Discount", "Discount", "{0838DEB8-B10F-412E-B631-BEAAE760DB41}"
EndProject
Project("{FAE04EC0-301F-11D3-BF4B-00C04F79EFBC}") = "Discount.Grpc", "Services\Discount\Discount.Grpc\Discount.Grpc.csproj", "{5CF58BC2-4C80-47A7-B1C9-0E9F4990D394}"
EndProject
Project("{2150E333-8FDC-42A3-9474-1A3956D46DE8}") = "Ordering", "Ordering", "{83A8399F-C805-49A6-90D1-130DCB0D31E9}"
EndProject
Project("{FAE04EC0-301F-11D3-BF4B-00C04F79EFBC}") = "Ordering.API", "Services\Ordering\Ordering.API\Ordering.API.csproj", "{D764B5D3-A04E-4399-B9DC-1CDC21CC1308}"
EndProject
Project("{FAE04EC0-301F-11D3-BF4B-00C04F79EFBC}") = "Ordering.Domain", "Services\Ordering\Ordering.Domain\Ordering.Domain.csproj", "{8F475FAB-35F2-498F-9C87-B6C6948F06ED}"
EndProject
Project("{FAE04EC0-301F-11D3-BF4B-00C04F79EFBC}") = "Ordering.Application", "Services\Ordering\Ordering.Application\Ordering.Application.csproj", "{30CA2194-44A9-40AB-9A5E-05409A1F1075}"
EndProject
Project("{FAE04EC0-301F-11D3-BF4B-00C04F79EFBC}") = "Ordering.Infrastructure", "Services\Ordering\Ordering.Infrastructure\Ordering.Infrastructure.csproj", "{95343588-7999-4DB1-B17A-757B474C79B7}"
EndProject
Project("{FAE04EC0-301F-11D3-BF4B-00C04F79EFBC}") = "BuildingBlocks.Messaging", "BuildingBlocks\BuildingBlocks.Messaging\BuildingBlocks.Messaging.csproj", "{50E9D3F4-211E-48E1-A4CA-B0FE485FB842}"
EndProject
Project("{2150E333-8FDC-42A3-9474-1A3956D46DE8}") = "ApiGateways", "ApiGateways", "{02EA681E-C7D8-13C7-8484-4AC65E1B71E8}"
EndProject
Project("{FAE04EC0-301F-11D3-BF4B-00C04F79EFBC}") = "YarpApiGateway", "ApiGateways\YarpApiGateway\YarpApiGateway.csproj", "{90A16F11-DE9C-4564-9791-12F4171AA6DC}"
EndProject
Project("{2150E333-8FDC-42A3-9474-1A3956D46DE8}") = "WebApps", "WebApps", "{D252A93C-9FC1-48BF-A9D3-95B75643CE0E}"
EndProject
Project("{FAE04EC0-301F-11D3-BF4B-00C04F79EFBC}") = "Shopping.Web", "WebApps\Shopping.Web\Shopping.Web.csproj", "{D3D1E962-0C2D-4FFC-B4E6-2FCF04B09E5D}"
EndProject
Global
	GlobalSection(SolutionConfigurationPlatforms) = preSolution
		Debug|Any CPU = Debug|Any CPU
		Release|Any CPU = Release|Any CPU
	EndGlobalSection
	GlobalSection(ProjectConfigurationPlatforms) = postSolution
		{EE0F9E87-5659-4230-AB92-1142D733DF58}.Debug|Any CPU.ActiveCfg = Debug|Any CPU
		{EE0F9E87-5659-4230-AB92-1142D733DF58}.Debug|Any CPU.Build.0 = Debug|Any CPU
		{EE0F9E87-5659-4230-AB92-1142D733DF58}.Release|Any CPU.ActiveCfg = Release|Any CPU
		{EE0F9E87-5659-4230-AB92-1142D733DF58}.Release|Any CPU.Build.0 = Release|Any CPU
		{4F6802C5-0FDC-4467-A96F-82B2A60B9E02}.Debug|Any CPU.ActiveCfg = Debug|Any CPU
		{4F6802C5-0FDC-4467-A96F-82B2A60B9E02}.Debug|Any CPU.Build.0 = Debug|Any CPU
		{4F6802C5-0FDC-4467-A96F-82B2A60B9E02}.Release|Any CPU.ActiveCfg = Release|Any CPU
		{4F6802C5-0FDC-4467-A96F-82B2A60B9E02}.Release|Any CPU.Build.0 = Release|Any CPU
		{51114B94-A171-4B0C-970F-075693413E3A}.Debug|Any CPU.ActiveCfg = Debug|Any CPU
		{51114B94-A171-4B0C-970F-075693413E3A}.Debug|Any CPU.Build.0 = Debug|Any CPU
		{51114B94-A171-4B0C-970F-075693413E3A}.Release|Any CPU.ActiveCfg = Release|Any CPU
		{51114B94-A171-4B0C-970F-075693413E3A}.Release|Any CPU.Build.0 = Release|Any CPU
		{385D069D-4239-4B3B-9EC1-FE6EEB2C3744}.Debug|Any CPU.ActiveCfg = Debug|Any CPU
		{385D069D-4239-4B3B-9EC1-FE6EEB2C3744}.Debug|Any CPU.Build.0 = Debug|Any CPU
		{385D069D-4239-4B3B-9EC1-FE6EEB2C3744}.Release|Any CPU.ActiveCfg = Release|Any CPU
		{385D069D-4239-4B3B-9EC1-FE6EEB2C3744}.Release|Any CPU.Build.0 = Release|Any CPU
		{5CF58BC2-4C80-47A7-B1C9-0E9F4990D394}.Debug|Any CPU.ActiveCfg = Debug|Any CPU
		{5CF58BC2-4C80-47A7-B1C9-0E9F4990D394}.Debug|Any CPU.Build.0 = Debug|Any CPU
		{5CF58BC2-4C80-47A7-B1C9-0E9F4990D394}.Release|Any CPU.ActiveCfg = Release|Any CPU
		{5CF58BC2-4C80-47A7-B1C9-0E9F4990D394}.Release|Any CPU.Build.0 = Release|Any CPU
		{D764B5D3-A04E-4399-B9DC-1CDC21CC1308}.Debug|Any CPU.ActiveCfg = Debug|Any CPU
		{D764B5D3-A04E-4399-B9DC-1CDC21CC1308}.Debug|Any CPU.Build.0 = Debug|Any CPU
		{D764B5D3-A04E-4399-B9DC-1CDC21CC1308}.Release|Any CPU.ActiveCfg = Release|Any CPU
		{D764B5D3-A04E-4399-B9DC-1CDC21CC1308}.Release|Any CPU.Build.0 = Release|Any CPU
		{8F475FAB-35F2-498F-9C87-B6C6948F06ED}.Debug|Any CPU.ActiveCfg = Debug|Any CPU
		{8F475FAB-35F2-498F-9C87-B6C6948F06ED}.Debug|Any CPU.Build.0 = Debug|Any CPU
		{8F475FAB-35F2-498F-9C87-B6C6948F06ED}.Release|Any CPU.ActiveCfg = Release|Any CPU
		{8F475FAB-35F2-498F-9C87-B6C6948F06ED}.Release|Any CPU.Build.0 = Release|Any CPU
		{30CA2194-44A9-40AB-9A5E-05409A1F1075}.Debug|Any CPU.ActiveCfg = Debug|Any CPU
		{30CA2194-44A9-40AB-9A5E-05409A1F1075}.Debug|Any CPU.Build.0 = Debug|Any CPU
		{30CA2194-44A9-40AB-9A5E-05409A1F1075}.Release|Any CPU.ActiveCfg = Release|Any CPU
		{30CA2194-44A9-40AB-9A5E-05409A1F1075}.Release|Any CPU.Build.0 = Release|Any CPU
		{95343588-7999-4DB1-B17A-757B474C79B7}.Debug|Any CPU.ActiveCfg = Debug|Any CPU
		{95343588-7999-4DB1-B17A-757B474C79B7}.Debug|Any CPU.Build.0 = Debug|Any CPU
		{95343588-7999-4DB1-B17A-757B474C79B7}.Release|Any CPU.ActiveCfg = Release|Any CPU
		{95343588-7999-4DB1-B17A-757B474C79B7}.Release|Any CPU.Build.0 = Release|Any CPU
		{50E9D3F4-211E-48E1-A4CA-B0FE485FB842}.Debug|Any CPU.ActiveCfg = Debug|Any CPU
		{50E9D3F4-211E-48E1-A4CA-B0FE485FB842}.Debug|Any CPU.Build.0 = Debug|Any CPU
		{50E9D3F4-211E-48E1-A4CA-B0FE485FB842}.Release|Any CPU.ActiveCfg = Release|Any CPU
		{50E9D3F4-211E-48E1-A4CA-B0FE485FB842}.Release|Any CPU.Build.0 = Release|Any CPU
		{90A16F11-DE9C-4564-9791-12F4171AA6DC}.Debug|Any CPU.ActiveCfg = Debug|Any CPU
		{90A16F11-DE9C-4564-9791-12F4171AA6DC}.Debug|Any CPU.Build.0 = Debug|Any CPU
		{90A16F11-DE9C-4564-9791-12F4171AA6DC}.Release|Any CPU.ActiveCfg = Release|Any CPU
		{90A16F11-DE9C-4564-9791-12F4171AA6DC}.Release|Any CPU.Build.0 = Release|Any CPU
		{D3D1E962-0C2D-4FFC-B4E6-2FCF04B09E5D}.Debug|Any CPU.ActiveCfg = Debug|Any CPU
		{D3D1E962-0C2D-4FFC-B4E6-2FCF04B09E5D}.Debug|Any CPU.Build.0 = Debug|Any CPU
		{D3D1E962-0C2D-4FFC-B4E6-2FCF04B09E5D}.Release|Any CPU.ActiveCfg = Release|Any CPU
		{D3D1E962-0C2D-4FFC-B4E6-2FCF04B09E5D}.Release|Any CPU.Build.0 = Release|Any CPU
	EndGlobalSection
	GlobalSection(SolutionProperties) = preSolution
		HideSolutionNode = FALSE
	EndGlobalSection
	GlobalSection(NestedProjects) = preSolution
		{EBF5EDC0-84EF-4EA2-A351-EAF721844873} = {98E17696-E699-4CCF-961A-0A1A4D0FE014}
		{EE0F9E87-5659-4230-AB92-1142D733DF58} = {EBF5EDC0-84EF-4EA2-A351-EAF721844873}
		{4F6802C5-0FDC-4467-A96F-82B2A60B9E02} = {174476D6-EB83-485A-8646-110E18B84124}
		{DCCABFB0-EB0A-4F1C-AAEA-ACBDBF0474AB} = {98E17696-E699-4CCF-961A-0A1A4D0FE014}
		{385D069D-4239-4B3B-9EC1-FE6EEB2C3744} = {DCCABFB0-EB0A-4F1C-AAEA-ACBDBF0474AB}
		{0838DEB8-B10F-412E-B631-BEAAE760DB41} = {98E17696-E699-4CCF-961A-0A1A4D0FE014}
		{5CF58BC2-4C80-47A7-B1C9-0E9F4990D394} = {0838DEB8-B10F-412E-B631-BEAAE760DB41}
		{83A8399F-C805-49A6-90D1-130DCB0D31E9} = {98E17696-E699-4CCF-961A-0A1A4D0FE014}
		{D764B5D3-A04E-4399-B9DC-1CDC21CC1308} = {83A8399F-C805-49A6-90D1-130DCB0D31E9}
		{8F475FAB-35F2-498F-9C87-B6C6948F06ED} = {83A8399F-C805-49A6-90D1-130DCB0D31E9}
		{30CA2194-44A9-40AB-9A5E-05409A1F1075} = {83A8399F-C805-49A6-90D1-130DCB0D31E9}
		{95343588-7999-4DB1-B17A-757B474C79B7} = {83A8399F-C805-49A6-90D1-130DCB0D31E9}
		{50E9D3F4-211E-48E1-A4CA-B0FE485FB842} = {174476D6-EB83-485A-8646-110E18B84124}
		{90A16F11-DE9C-4564-9791-12F4171AA6DC} = {02EA681E-C7D8-13C7-8484-4AC65E1B71E8}
		{D3D1E962-0C2D-4FFC-B4E6-2FCF04B09E5D} = {D252A93C-9FC1-48BF-A9D3-95B75643CE0E}
	EndGlobalSection
	GlobalSection(ExtensibilityGlobals) = postSolution
		SolutionGuid = {8216D73B-8C98-4D21-89A0-4D79F2058844}
	EndGlobalSection
EndGlobal
